// !$*UTF8*$!
{
	archiveVersion = 1;
	classes = {
	};
	objectVersion = 52;
	objects = {

/* Begin PBXBuildFile section */
		9545FC7E2219A5690011BB0B /* Haptics.swift in Sources */ = {isa = PBXBuildFile; fileRef = 9545FC7D2219A5690011BB0B /* Haptics.swift */; };
		95BD738722F481720055DE4E /* UserDefault in Frameworks */ = {isa = PBXBuildFile; productRef = 95BD738622F481720055DE4E /* UserDefault */; };
		95F8F9602218C9E000B1AE2C /* AppDelegate.swift in Sources */ = {isa = PBXBuildFile; fileRef = 95F8F95F2218C9E000B1AE2C /* AppDelegate.swift */; };
		95F8F9622218C9E000B1AE2C /* ViewController.swift in Sources */ = {isa = PBXBuildFile; fileRef = 95F8F9612218C9E000B1AE2C /* ViewController.swift */; };
		95F8F9652218C9E000B1AE2C /* Main.storyboard in Resources */ = {isa = PBXBuildFile; fileRef = 95F8F9632218C9E000B1AE2C /* Main.storyboard */; };
		95F8F9672218C9E300B1AE2C /* Assets.xcassets in Resources */ = {isa = PBXBuildFile; fileRef = 95F8F9662218C9E300B1AE2C /* Assets.xcassets */; };
		95F8F96A2218C9E300B1AE2C /* LaunchScreen.storyboard in Resources */ = {isa = PBXBuildFile; fileRef = 95F8F9682218C9E300B1AE2C /* LaunchScreen.storyboard */; };
		95F8F9722218CEDE00B1AE2C /* Scene.swift in Sources */ = {isa = PBXBuildFile; fileRef = 95F8F9712218CEDE00B1AE2C /* Scene.swift */; };
		95F8F9852218ED6D00B1AE2C /* UIColor.swift in Sources */ = {isa = PBXBuildFile; fileRef = 95F8F9822218ED6D00B1AE2C /* UIColor.swift */; };
		95F8F9862218ED6D00B1AE2C /* MiscHelpers.swift in Sources */ = {isa = PBXBuildFile; fileRef = 95F8F9832218ED6D00B1AE2C /* MiscHelpers.swift */; };
		95F8F9892218EDCA00B1AE2C /* PressableNode.swift in Sources */ = {isa = PBXBuildFile; fileRef = 95F8F9882218EDC900B1AE2C /* PressableNode.swift */; };
		95F8F98D2218EE3C00B1AE2C /* ColorButton.swift in Sources */ = {isa = PBXBuildFile; fileRef = 95F8F98C2218EE3C00B1AE2C /* ColorButton.swift */; };
		B9817FAE23C43CE000F8F05B /* CGeometry in Frameworks */ = {isa = PBXBuildFile; productRef = B9817FAD23C43CE000F8F05B /* CGeometry */; };
		B9817FB123C43D0000F8F05B /* HandyOperators in Frameworks */ = {isa = PBXBuildFile; productRef = B9817FB023C43D0000F8F05B /* HandyOperators */; };
/* End PBXBuildFile section */

/* Begin PBXFileReference section */
		9545FC7D2219A5690011BB0B /* Haptics.swift */ = {isa = PBXFileReference; fileEncoding = 4; lastKnownFileType = sourcecode.swift; path = Haptics.swift; sourceTree = "<group>"; };
		95F8F95C2218C9E000B1AE2C /* Color Picker.app */ = {isa = PBXFileReference; explicitFileType = wrapper.application; includeInIndex = 0; path = "Color Picker.app"; sourceTree = BUILT_PRODUCTS_DIR; };
		95F8F95F2218C9E000B1AE2C /* AppDelegate.swift */ = {isa = PBXFileReference; lastKnownFileType = sourcecode.swift; path = AppDelegate.swift; sourceTree = "<group>"; };
		95F8F9612218C9E000B1AE2C /* ViewController.swift */ = {isa = PBXFileReference; lastKnownFileType = sourcecode.swift; path = ViewController.swift; sourceTree = "<group>"; };
		95F8F9642218C9E000B1AE2C /* Base */ = {isa = PBXFileReference; lastKnownFileType = file.storyboard; name = Base; path = Base.lproj/Main.storyboard; sourceTree = "<group>"; };
		95F8F9662218C9E300B1AE2C /* Assets.xcassets */ = {isa = PBXFileReference; lastKnownFileType = folder.assetcatalog; path = Assets.xcassets; sourceTree = "<group>"; };
		95F8F9692218C9E300B1AE2C /* Base */ = {isa = PBXFileReference; lastKnownFileType = file.storyboard; name = Base; path = Base.lproj/LaunchScreen.storyboard; sourceTree = "<group>"; };
		95F8F96B2218C9E300B1AE2C /* Info.plist */ = {isa = PBXFileReference; lastKnownFileType = text.plist.xml; path = Info.plist; sourceTree = "<group>"; };
		95F8F9712218CEDE00B1AE2C /* Scene.swift */ = {isa = PBXFileReference; lastKnownFileType = sourcecode.swift; path = Scene.swift; sourceTree = "<group>"; };
		95F8F9822218ED6D00B1AE2C /* UIColor.swift */ = {isa = PBXFileReference; fileEncoding = 4; lastKnownFileType = sourcecode.swift; path = UIColor.swift; sourceTree = "<group>"; };
		95F8F9832218ED6D00B1AE2C /* MiscHelpers.swift */ = {isa = PBXFileReference; fileEncoding = 4; lastKnownFileType = sourcecode.swift; path = MiscHelpers.swift; sourceTree = "<group>"; };
		95F8F9882218EDC900B1AE2C /* PressableNode.swift */ = {isa = PBXFileReference; fileEncoding = 4; lastKnownFileType = sourcecode.swift; path = PressableNode.swift; sourceTree = "<group>"; };
		95F8F98C2218EE3C00B1AE2C /* ColorButton.swift */ = {isa = PBXFileReference; lastKnownFileType = sourcecode.swift; path = ColorButton.swift; sourceTree = "<group>"; };
		B9817FB223C44A1E00F8F05B /* Color Picker.entitlements */ = {isa = PBXFileReference; lastKnownFileType = text.plist.entitlements; path = "Color Picker.entitlements"; sourceTree = "<group>"; };
/* End PBXFileReference section */

/* Begin PBXFrameworksBuildPhase section */
		95F8F9592218C9E000B1AE2C /* Frameworks */ = {
			isa = PBXFrameworksBuildPhase;
			buildActionMask = 2147483647;
			files = (
				B9817FB123C43D0000F8F05B /* HandyOperators in Frameworks */,
				B9817FAE23C43CE000F8F05B /* CGeometry in Frameworks */,
				95BD738722F481720055DE4E /* UserDefault in Frameworks */,
			);
			runOnlyForDeploymentPostprocessing = 0;
		};
/* End PBXFrameworksBuildPhase section */

/* Begin PBXGroup section */
		95F8F9532218C9E000B1AE2C = {
			isa = PBXGroup;
			children = (
				95F8F95E2218C9E000B1AE2C /* Color Picker */,
				95F8F95D2218C9E000B1AE2C /* Products */,
			);
			sourceTree = "<group>";
		};
		95F8F95D2218C9E000B1AE2C /* Products */ = {
			isa = PBXGroup;
			children = (
				95F8F95C2218C9E000B1AE2C /* Color Picker.app */,
			);
			name = Products;
			sourceTree = "<group>";
		};
		95F8F95E2218C9E000B1AE2C /* Color Picker */ = {
			isa = PBXGroup;
			children = (
				B9817FB223C44A1E00F8F05B /* Color Picker.entitlements */,
				95F8F9802218ED6D00B1AE2C /* Helpers */,
				95F8F95F2218C9E000B1AE2C /* AppDelegate.swift */,
				95F8F9612218C9E000B1AE2C /* ViewController.swift */,
				95F8F9712218CEDE00B1AE2C /* Scene.swift */,
				95F8F9872218ED7500B1AE2C /* Nodes */,
				95F8F9632218C9E000B1AE2C /* Main.storyboard */,
				95F8F9662218C9E300B1AE2C /* Assets.xcassets */,
				95F8F9682218C9E300B1AE2C /* LaunchScreen.storyboard */,
				95F8F96B2218C9E300B1AE2C /* Info.plist */,
			);
			path = "Color Picker";
			sourceTree = "<group>";
		};
		95F8F9802218ED6D00B1AE2C /* Helpers */ = {
			isa = PBXGroup;
			children = (
				95F8F9822218ED6D00B1AE2C /* UIColor.swift */,
				9545FC7D2219A5690011BB0B /* Haptics.swift */,
				95F8F9832218ED6D00B1AE2C /* MiscHelpers.swift */,
			);
			path = Helpers;
			sourceTree = "<group>";
		};
		95F8F9872218ED7500B1AE2C /* Nodes */ = {
			isa = PBXGroup;
			children = (
				95F8F9882218EDC900B1AE2C /* PressableNode.swift */,
				95F8F98C2218EE3C00B1AE2C /* ColorButton.swift */,
			);
			path = Nodes;
			sourceTree = "<group>";
		};
/* End PBXGroup section */

/* Begin PBXNativeTarget section */
		95F8F95B2218C9E000B1AE2C /* Color Picker */ = {
			isa = PBXNativeTarget;
			buildConfigurationList = 95F8F96E2218C9E300B1AE2C /* Build configuration list for PBXNativeTarget "Color Picker" */;
			buildPhases = (
				95F8F9582218C9E000B1AE2C /* Sources */,
				95F8F9592218C9E000B1AE2C /* Frameworks */,
				95F8F95A2218C9E000B1AE2C /* Resources */,
			);
			buildRules = (
			);
			dependencies = (
			);
			name = "Color Picker";
			packageProductDependencies = (
				95BD738622F481720055DE4E /* UserDefault */,
				B9817FAD23C43CE000F8F05B /* CGeometry */,
				B9817FB023C43D0000F8F05B /* HandyOperators */,
			);
			productName = "Color Picker";
			productReference = 95F8F95C2218C9E000B1AE2C /* Color Picker.app */;
			productType = "com.apple.product-type.application";
		};
/* End PBXNativeTarget section */

/* Begin PBXProject section */
		95F8F9542218C9E000B1AE2C /* Project object */ = {
			isa = PBXProject;
			attributes = {
				LastSwiftUpdateCheck = 1010;
				LastUpgradeCheck = 1010;
				ORGANIZATIONNAME = "Julian Dunskus";
				TargetAttributes = {
					95F8F95B2218C9E000B1AE2C = {
						CreatedOnToolsVersion = 10.1;
					};
				};
			};
			buildConfigurationList = 95F8F9572218C9E000B1AE2C /* Build configuration list for PBXProject "Color Picker" */;
			compatibilityVersion = "Xcode 9.3";
			developmentRegion = en;
			hasScannedForEncodings = 0;
			knownRegions = (
				en,
				Base,
			);
			mainGroup = 95F8F9532218C9E000B1AE2C;
			packageReferences = (
				95BD738522F481720055DE4E /* XCRemoteSwiftPackageReference "UserDefault" */,
				B9817FAC23C43CE000F8F05B /* XCRemoteSwiftPackageReference "CGeometry" */,
				B9817FAF23C43D0000F8F05B /* XCRemoteSwiftPackageReference "HandyOperators" */,
			);
			productRefGroup = 95F8F95D2218C9E000B1AE2C /* Products */;
			projectDirPath = "";
			projectRoot = "";
			targets = (
				95F8F95B2218C9E000B1AE2C /* Color Picker */,
			);
		};
/* End PBXProject section */

/* Begin PBXResourcesBuildPhase section */
		95F8F95A2218C9E000B1AE2C /* Resources */ = {
			isa = PBXResourcesBuildPhase;
			buildActionMask = 2147483647;
			files = (
				95F8F96A2218C9E300B1AE2C /* LaunchScreen.storyboard in Resources */,
				95F8F9672218C9E300B1AE2C /* Assets.xcassets in Resources */,
				95F8F9652218C9E000B1AE2C /* Main.storyboard in Resources */,
			);
			runOnlyForDeploymentPostprocessing = 0;
		};
/* End PBXResourcesBuildPhase section */

/* Begin PBXSourcesBuildPhase section */
		95F8F9582218C9E000B1AE2C /* Sources */ = {
			isa = PBXSourcesBuildPhase;
			buildActionMask = 2147483647;
			files = (
				95F8F9622218C9E000B1AE2C /* ViewController.swift in Sources */,
				95F8F9862218ED6D00B1AE2C /* MiscHelpers.swift in Sources */,
				9545FC7E2219A5690011BB0B /* Haptics.swift in Sources */,
				95F8F9602218C9E000B1AE2C /* AppDelegate.swift in Sources */,
				95F8F9892218EDCA00B1AE2C /* PressableNode.swift in Sources */,
				95F8F9722218CEDE00B1AE2C /* Scene.swift in Sources */,
				95F8F9852218ED6D00B1AE2C /* UIColor.swift in Sources */,
				95F8F98D2218EE3C00B1AE2C /* ColorButton.swift in Sources */,
			);
			runOnlyForDeploymentPostprocessing = 0;
		};
/* End PBXSourcesBuildPhase section */

/* Begin PBXVariantGroup section */
		95F8F9632218C9E000B1AE2C /* Main.storyboard */ = {
			isa = PBXVariantGroup;
			children = (
				95F8F9642218C9E000B1AE2C /* Base */,
			);
			name = Main.storyboard;
			sourceTree = "<group>";
		};
		95F8F9682218C9E300B1AE2C /* LaunchScreen.storyboard */ = {
			isa = PBXVariantGroup;
			children = (
				95F8F9692218C9E300B1AE2C /* Base */,
			);
			name = LaunchScreen.storyboard;
			sourceTree = "<group>";
		};
/* End PBXVariantGroup section */

/* Begin XCBuildConfiguration section */
		95F8F96C2218C9E300B1AE2C /* Debug */ = {
			isa = XCBuildConfiguration;
			buildSettings = {
				ALWAYS_SEARCH_USER_PATHS = NO;
				CLANG_ANALYZER_NONNULL = YES;
				CLANG_ANALYZER_NUMBER_OBJECT_CONVERSION = YES_AGGRESSIVE;
				CLANG_CXX_LANGUAGE_STANDARD = "gnu++14";
				CLANG_CXX_LIBRARY = "libc++";
				CLANG_ENABLE_MODULES = YES;
				CLANG_ENABLE_OBJC_ARC = YES;
				CLANG_ENABLE_OBJC_WEAK = YES;
				CLANG_WARN_BLOCK_CAPTURE_AUTORELEASING = YES;
				CLANG_WARN_BOOL_CONVERSION = YES;
				CLANG_WARN_COMMA = YES;
				CLANG_WARN_CONSTANT_CONVERSION = YES;
				CLANG_WARN_DEPRECATED_OBJC_IMPLEMENTATIONS = YES;
				CLANG_WARN_DIRECT_OBJC_ISA_USAGE = YES_ERROR;
				CLANG_WARN_DOCUMENTATION_COMMENTS = YES;
				CLANG_WARN_EMPTY_BODY = YES;
				CLANG_WARN_ENUM_CONVERSION = YES;
				CLANG_WARN_INFINITE_RECURSION = YES;
				CLANG_WARN_INT_CONVERSION = YES;
				CLANG_WARN_NON_LITERAL_NULL_CONVERSION = YES;
				CLANG_WARN_OBJC_IMPLICIT_RETAIN_SELF = YES;
				CLANG_WARN_OBJC_LITERAL_CONVERSION = YES;
				CLANG_WARN_OBJC_ROOT_CLASS = YES_ERROR;
				CLANG_WARN_RANGE_LOOP_ANALYSIS = YES;
				CLANG_WARN_STRICT_PROTOTYPES = YES;
				CLANG_WARN_SUSPICIOUS_MOVE = YES;
				CLANG_WARN_UNGUARDED_AVAILABILITY = YES_AGGRESSIVE;
				CLANG_WARN_UNREACHABLE_CODE = YES;
				CLANG_WARN__DUPLICATE_METHOD_MATCH = YES;
				CODE_SIGN_IDENTITY = "iPhone Developer";
				COPY_PHASE_STRIP = NO;
				DEBUG_INFORMATION_FORMAT = dwarf;
				ENABLE_STRICT_OBJC_MSGSEND = YES;
				ENABLE_TESTABILITY = YES;
				GCC_C_LANGUAGE_STANDARD = gnu11;
				GCC_DYNAMIC_NO_PIC = NO;
				GCC_NO_COMMON_BLOCKS = YES;
				GCC_OPTIMIZATION_LEVEL = 0;
				GCC_PREPROCESSOR_DEFINITIONS = (
					"DEBUG=1",
					"$(inherited)",
				);
				GCC_WARN_64_TO_32_BIT_CONVERSION = YES;
				GCC_WARN_ABOUT_RETURN_TYPE = YES_ERROR;
				GCC_WARN_UNDECLARED_SELECTOR = YES;
				GCC_WARN_UNINITIALIZED_AUTOS = YES_AGGRESSIVE;
				GCC_WARN_UNUSED_FUNCTION = YES;
				GCC_WARN_UNUSED_VARIABLE = YES;
				IPHONEOS_DEPLOYMENT_TARGET = 12.1;
				MTL_ENABLE_DEBUG_INFO = INCLUDE_SOURCE;
				MTL_FAST_MATH = YES;
				ONLY_ACTIVE_ARCH = YES;
				SDKROOT = iphoneos;
				SWIFT_ACTIVE_COMPILATION_CONDITIONS = DEBUG;
				SWIFT_OPTIMIZATION_LEVEL = "-Onone";
			};
			name = Debug;
		};
		95F8F96D2218C9E300B1AE2C /* Release */ = {
			isa = XCBuildConfiguration;
			buildSettings = {
				ALWAYS_SEARCH_USER_PATHS = NO;
				CLANG_ANALYZER_NONNULL = YES;
				CLANG_ANALYZER_NUMBER_OBJECT_CONVERSION = YES_AGGRESSIVE;
				CLANG_CXX_LANGUAGE_STANDARD = "gnu++14";
				CLANG_CXX_LIBRARY = "libc++";
				CLANG_ENABLE_MODULES = YES;
				CLANG_ENABLE_OBJC_ARC = YES;
				CLANG_ENABLE_OBJC_WEAK = YES;
				CLANG_WARN_BLOCK_CAPTURE_AUTORELEASING = YES;
				CLANG_WARN_BOOL_CONVERSION = YES;
				CLANG_WARN_COMMA = YES;
				CLANG_WARN_CONSTANT_CONVERSION = YES;
				CLANG_WARN_DEPRECATED_OBJC_IMPLEMENTATIONS = YES;
				CLANG_WARN_DIRECT_OBJC_ISA_USAGE = YES_ERROR;
				CLANG_WARN_DOCUMENTATION_COMMENTS = YES;
				CLANG_WARN_EMPTY_BODY = YES;
				CLANG_WARN_ENUM_CONVERSION = YES;
				CLANG_WARN_INFINITE_RECURSION = YES;
				CLANG_WARN_INT_CONVERSION = YES;
				CLANG_WARN_NON_LITERAL_NULL_CONVERSION = YES;
				CLANG_WARN_OBJC_IMPLICIT_RETAIN_SELF = YES;
				CLANG_WARN_OBJC_LITERAL_CONVERSION = YES;
				CLANG_WARN_OBJC_ROOT_CLASS = YES_ERROR;
				CLANG_WARN_RANGE_LOOP_ANALYSIS = YES;
				CLANG_WARN_STRICT_PROTOTYPES = YES;
				CLANG_WARN_SUSPICIOUS_MOVE = YES;
				CLANG_WARN_UNGUARDED_AVAILABILITY = YES_AGGRESSIVE;
				CLANG_WARN_UNREACHABLE_CODE = YES;
				CLANG_WARN__DUPLICATE_METHOD_MATCH = YES;
				CODE_SIGN_IDENTITY = "iPhone Developer";
				COPY_PHASE_STRIP = NO;
				DEBUG_INFORMATION_FORMAT = "dwarf-with-dsym";
				ENABLE_NS_ASSERTIONS = NO;
				ENABLE_STRICT_OBJC_MSGSEND = YES;
				GCC_C_LANGUAGE_STANDARD = gnu11;
				GCC_NO_COMMON_BLOCKS = YES;
				GCC_WARN_64_TO_32_BIT_CONVERSION = YES;
				GCC_WARN_ABOUT_RETURN_TYPE = YES_ERROR;
				GCC_WARN_UNDECLARED_SELECTOR = YES;
				GCC_WARN_UNINITIALIZED_AUTOS = YES_AGGRESSIVE;
				GCC_WARN_UNUSED_FUNCTION = YES;
				GCC_WARN_UNUSED_VARIABLE = YES;
				IPHONEOS_DEPLOYMENT_TARGET = 12.1;
				MTL_ENABLE_DEBUG_INFO = NO;
				MTL_FAST_MATH = YES;
				SDKROOT = iphoneos;
				SWIFT_COMPILATION_MODE = wholemodule;
				SWIFT_OPTIMIZATION_LEVEL = "-O";
				VALIDATE_PRODUCT = YES;
			};
			name = Release;
		};
		95F8F96F2218C9E300B1AE2C /* Debug */ = {
			isa = XCBuildConfiguration;
			buildSettings = {
				ASSETCATALOG_COMPILER_APPICON_NAME = AppIcon;
				CODE_SIGN_ENTITLEMENTS = "Color Picker/Color Picker.entitlements";
				CODE_SIGN_STYLE = Automatic;
				CURRENT_PROJECT_VERSION = 14;
				DERIVE_MACCATALYST_PRODUCT_BUNDLE_IDENTIFIER = YES;
				DEVELOPMENT_TEAM = V2EPDFA9PV;
				INFOPLIST_FILE = "Color Picker/Info.plist";
				IPHONEOS_DEPLOYMENT_TARGET = 11.0;
				LD_RUNPATH_SEARCH_PATHS = (
					"$(inherited)",
					"@executable_path/Frameworks",
				);
				MARKETING_VERSION = 2.1;
				PRODUCT_BUNDLE_IDENTIFIER = "com.juliand665.Color-Picker";
				PRODUCT_NAME = "$(TARGET_NAME)";
				SUPPORTS_MACCATALYST = YES;
				SWIFT_VERSION = 5.0;
				TARGETED_DEVICE_FAMILY = "1,2";
			};
			name = Debug;
		};
		95F8F9702218C9E300B1AE2C /* Release */ = {
			isa = XCBuildConfiguration;
			buildSettings = {
				ASSETCATALOG_COMPILER_APPICON_NAME = AppIcon;
				CODE_SIGN_ENTITLEMENTS = "Color Picker/Color Picker.entitlements";
				CODE_SIGN_STYLE = Automatic;
				CURRENT_PROJECT_VERSION = 14;
				DERIVE_MACCATALYST_PRODUCT_BUNDLE_IDENTIFIER = YES;
				DEVELOPMENT_TEAM = V2EPDFA9PV;
				INFOPLIST_FILE = "Color Picker/Info.plist";
				IPHONEOS_DEPLOYMENT_TARGET = 11.0;
				LD_RUNPATH_SEARCH_PATHS = (
					"$(inherited)",
					"@executable_path/Frameworks",
				);
				MARKETING_VERSION = 2.1;
				PRODUCT_BUNDLE_IDENTIFIER = "com.juliand665.Color-Picker";
				PRODUCT_NAME = "$(TARGET_NAME)";
				SUPPORTS_MACCATALYST = YES;
				SWIFT_VERSION = 5.0;
				TARGETED_DEVICE_FAMILY = "1,2";
			};
			name = Release;
		};
/* End XCBuildConfiguration section */

/* Begin XCConfigurationList section */
		95F8F9572218C9E000B1AE2C /* Build configuration list for PBXProject "Color Picker" */ = {
			isa = XCConfigurationList;
			buildConfigurations = (
				95F8F96C2218C9E300B1AE2C /* Debug */,
				95F8F96D2218C9E300B1AE2C /* Release */,
			);
			defaultConfigurationIsVisible = 0;
			defaultConfigurationName = Release;
		};
		95F8F96E2218C9E300B1AE2C /* Build configuration list for PBXNativeTarget "Color Picker" */ = {
			isa = XCConfigurationList;
			buildConfigurations = (
				95F8F96F2218C9E300B1AE2C /* Debug */,
				95F8F9702218C9E300B1AE2C /* Release */,
			);
			defaultConfigurationIsVisible = 0;
			defaultConfigurationName = Release;
		};
/* End XCConfigurationList section */

/* Begin XCRemoteSwiftPackageReference section */
		95BD738522F481720055DE4E /* XCRemoteSwiftPackageReference "UserDefault" */ = {
			isa = XCRemoteSwiftPackageReference;
			repositoryURL = "https://github.com/juliand665/UserDefault.git";
			requirement = {
				kind = upToNextMajorVersion;
				minimumVersion = 1.0.0;
			};
		};
		B9817FAC23C43CE000F8F05B /* XCRemoteSwiftPackageReference "CGeometry" */ = {
			isa = XCRemoteSwiftPackageReference;
			repositoryURL = "https://github.com/juliand665/CGeometry.git";
			requirement = {
				kind = upToNextMajorVersion;
				minimumVersion = 0.3.0;
			};
		};
		B9817FAF23C43D0000F8F05B /* XCRemoteSwiftPackageReference "HandyOperators" */ = {
			isa = XCRemoteSwiftPackageReference;
			repositoryURL = "https://github.com/juliand665/HandyOperators.git";
			requirement = {
				branch = master;
				kind = branch;
			};
		};
/* End XCRemoteSwiftPackageReference section */

/* Begin XCSwiftPackageProductDependency section */
		95BD738622F481720055DE4E /* UserDefault */ = {
			isa = XCSwiftPackageProductDependency;
			package = 95BD738522F481720055DE4E /* XCRemoteSwiftPackageReference "UserDefault" */;
			productName = UserDefault;
		};
		B9817FAD23C43CE000F8F05B /* CGeometry */ = {
			isa = XCSwiftPackageProductDependency;
			package = B9817FAC23C43CE000F8F05B /* XCRemoteSwiftPackageReference "CGeometry" */;
			productName = CGeometry;
		};
		B9817FB023C43D0000F8F05B /* HandyOperators */ = {
			isa = XCSwiftPackageProductDependency;
			package = B9817FAF23C43D0000F8F05B /* XCRemoteSwiftPackageReference "HandyOperators" */;
			productName = HandyOperators;
		};
/* End XCSwiftPackageProductDependency section */
	};
	rootObject = 95F8F9542218C9E000B1AE2C /* Project object */;
}
